
Microsoft Visual Studio Solution File, Format Version 12.00
# Visual Studio Version 17
VisualStudioVersion = 17.8.34511.84
MinimumVisualStudioVersion = 10.0.40219.1
Project("{FAE04EC0-301F-11D3-BF4B-00C04F79EFBC}") = "WithStringLocalizer", "WithStringLocalizer\WithStringLocalizer.csproj", "{3680EC2D-2ED8-426A-8BDA-EA915EA07D77}"
EndProject
Global
	GlobalSection(SolutionConfigurationPlatforms) = preSolution
		Debug|Any CPU = Debug|Any CPU
		Release|Any CPU = Release|Any CPU
	EndGlobalSection
	GlobalSection(ProjectConfigurationPlatforms) = postSolution
		{3680EC2D-2ED8-426A-8BDA-EA915EA07D77}.Debug|Any CPU.ActiveCfg = Debug|Any CPU
		{3680EC2D-2ED8-426A-8BDA-EA915EA07D77}.Debug|Any CPU.Build.0 = Debug|Any CPU
		{3680EC2D-2ED8-426A-8BDA-EA915EA07D77}.Release|Any CPU.ActiveCfg = Release|Any CPU
		{3680EC2D-2ED8-426A-8BDA-EA915EA07D77}.Release|Any CPU.Build.0 = Release|Any CPU
	EndGlobalSection
	GlobalSection(SolutionProperties) = preSolution
		HideSolutionNode = FALSE
	EndGlobalSection
	GlobalSection(ExtensibilityGlobals) = postSolution
		SolutionGuid = {E1315B17-815C-4A3E-B323-8775CA0615F3}
	EndGlobalSection
EndGlobal
