
Microsoft Visual Studio Solution File, Format Version 12.00
# Visual Studio Version 17
VisualStudioVersion = 17.8.34511.84
MinimumVisualStudioVersion = 10.0.40219.1
Project("{FAE04EC0-301F-11D3-BF4B-00C04F79EFBC}") = "WithResourceManager", "WithResourceManager\WithResourceManager.csproj", "{95010B87-ED21-436E-B38F-91C89369B2BA}"
EndProject
Global
	GlobalSection(SolutionConfigurationPlatforms) = preSolution
		Debug|Any CPU = Debug|Any CPU
		Release|Any CPU = Release|Any CPU
	EndGlobalSection
	GlobalSection(ProjectConfigurationPlatforms) = postSolution
		{95010B87-ED21-436E-B38F-91C89369B2BA}.Debug|Any CPU.ActiveCfg = Debug|Any CPU
		{95010B87-ED21-436E-B38F-91C89369B2BA}.Debug|Any CPU.Build.0 = Debug|Any CPU
		{95010B87-ED21-436E-B38F-91C89369B2BA}.Release|Any CPU.ActiveCfg = Release|Any CPU
		{95010B87-ED21-436E-B38F-91C89369B2BA}.Release|Any CPU.Build.0 = Release|Any CPU
	EndGlobalSection
	GlobalSection(SolutionProperties) = preSolution
		HideSolutionNode = FALSE
	EndGlobalSection
	GlobalSection(ExtensibilityGlobals) = postSolution
		SolutionGuid = {E5807FB8-0A2F-4EA4-8347-46208626A238}
	EndGlobalSection
EndGlobal
